// !$*UTF8*$!
{
	archiveVersion = 1;
	classes = {
	};
	objectVersion = 46;
	objects = {

/* Begin PBXBuildFile section */
		102DD5A71E33274D00274F72 /* HealthBar.swift in Sources */ = {isa = PBXBuildFile; fileRef = 102DD5A61E33274D00274F72 /* HealthBar.swift */; };
		102DD5A91E34153E00274F72 /* MapViewController.swift in Sources */ = {isa = PBXBuildFile; fileRef = 102DD5A81E34153E00274F72 /* MapViewController.swift */; };
		102DD5AB1E343EDE00274F72 /* TitleViewController.swift in Sources */ = {isa = PBXBuildFile; fileRef = 102DD5AA1E343EDE00274F72 /* TitleViewController.swift */; };
		102DD5AE1E343F3C00274F72 /* GraveyardViewController.swift in Sources */ = {isa = PBXBuildFile; fileRef = 102DD5AD1E343F3C00274F72 /* GraveyardViewController.swift */; };
		102DD5B01E3455D600274F72 /* displayCell.swift in Sources */ = {isa = PBXBuildFile; fileRef = 102DD5AF1E3455D600274F72 /* displayCell.swift */; };
		102DD5B41E35C0FA00274F72 /* Assets.xcassets in Resources */ = {isa = PBXBuildFile; fileRef = 102DD5B31E35C0FA00274F72 /* Assets.xcassets */; };
		1052041F1E36CF4B00E78F5F /* CreateHeroViewController.swift in Sources */ = {isa = PBXBuildFile; fileRef = 1052041E1E36CF4B00E78F5F /* CreateHeroViewController.swift */; };
		105204211E36DD6500E78F5F /* StatViewController.swift in Sources */ = {isa = PBXBuildFile; fileRef = 105204201E36DD6500E78F5F /* StatViewController.swift */; };
		105204231E37AFA100E78F5F /* Merchant Copy.ttf in Resources */ = {isa = PBXBuildFile; fileRef = 105204221E37AFA100E78F5F /* Merchant Copy.ttf */; };
		105204251E37B48A00E78F5F /* Merchant Copy Doublesize.ttf in Resources */ = {isa = PBXBuildFile; fileRef = 105204241E37B48A00E78F5F /* Merchant Copy Doublesize.ttf */; };
		10A7A2511E35C5C50064EAC1 /* Info.plist in Resources */ = {isa = PBXBuildFile; fileRef = A1AB90C31E285AFA00CF4750 /* Info.plist */; };
		10A7A2531E35C9F70064EAC1 /* Fipps-Regular.otf in Resources */ = {isa = PBXBuildFile; fileRef = 10A7A2521E35C9F70064EAC1 /* Fipps-Regular.otf */; };
		A10EA19F1E365EB0005F9459 /* graveyardCell.swift in Sources */ = {isa = PBXBuildFile; fileRef = A10EA19E1E365EB0005F9459 /* graveyardCell.swift */; };
		A10EA1A11E366B41005F9459 /* continueCell.swift in Sources */ = {isa = PBXBuildFile; fileRef = A10EA1A01E366B41005F9459 /* continueCell.swift */; };
		A175AC851E32E95D008E8971 /* weaponCell.swift in Sources */ = {isa = PBXBuildFile; fileRef = A175AC841E32E95D008E8971 /* weaponCell.swift */; };
		A175AC871E32E967008E8971 /* potionCell.swift in Sources */ = {isa = PBXBuildFile; fileRef = A175AC861E32E967008E8971 /* potionCell.swift */; };
		A175AC891E32E96E008E8971 /* armorCell.swift in Sources */ = {isa = PBXBuildFile; fileRef = A175AC881E32E96E008E8971 /* armorCell.swift */; };
		A1769C981E3161A200B8FC3D /* Items.swift in Sources */ = {isa = PBXBuildFile; fileRef = A1769C971E3161A200B8FC3D /* Items.swift */; };
		A1769C9A1E3164E000B8FC3D /* Monster.swift in Sources */ = {isa = PBXBuildFile; fileRef = A1769C991E3164E000B8FC3D /* Monster.swift */; };
		A184867B1E31A36B00661783 /* BackpackViewController.swift in Sources */ = {isa = PBXBuildFile; fileRef = A184867A1E31A36B00661783 /* BackpackViewController.swift */; };
		A1AB90B51E285AFA00CF4750 /* AppDelegate.swift in Sources */ = {isa = PBXBuildFile; fileRef = A1AB90B41E285AFA00CF4750 /* AppDelegate.swift */; };
		A1AB90BA1E285AFA00CF4750 /* Main.storyboard in Resources */ = {isa = PBXBuildFile; fileRef = A1AB90B81E285AFA00CF4750 /* Main.storyboard */; };
		A1AB90BD1E285AFA00CF4750 /* SnailPG.xcdatamodeld in Sources */ = {isa = PBXBuildFile; fileRef = A1AB90BB1E285AFA00CF4750 /* SnailPG.xcdatamodeld */; };
		A1AB90C21E285AFA00CF4750 /* LaunchScreen.storyboard in Resources */ = {isa = PBXBuildFile; fileRef = A1AB90C01E285AFA00CF4750 /* LaunchScreen.storyboard */; };
		A1AB90CE1E2860C000CF4750 /* HeroSelectViewController.swift in Sources */ = {isa = PBXBuildFile; fileRef = A1AB90CD1E2860C000CF4750 /* HeroSelectViewController.swift */; };
		A1AB90D01E28662500CF4750 /* MainViewController.swift in Sources */ = {isa = PBXBuildFile; fileRef = A1AB90CF1E28662500CF4750 /* MainViewController.swift */; };
		A1AB90D21E287A4200CF4750 /* BattleViewController.swift in Sources */ = {isa = PBXBuildFile; fileRef = A1AB90D11E287A4200CF4750 /* BattleViewController.swift */; };
		A1E14BC11E2EFA7F005133E3 /* HeroMethods.swift in Sources */ = {isa = PBXBuildFile; fileRef = A1E14BC01E2EFA7F005133E3 /* HeroMethods.swift */; };
		A1E14BC51E2F1440005133E3 /* finalf.ttf in Resources */ = {isa = PBXBuildFile; fileRef = A1E14BC41E2F1440005133E3 /* finalf.ttf */; };
		A1FA96051E2D453000EA3870 /* ShopViewController.swift in Sources */ = {isa = PBXBuildFile; fileRef = A1FA96041E2D453000EA3870 /* ShopViewController.swift */; };
/* End PBXBuildFile section */

/* Begin PBXFileReference section */
		102DD5A61E33274D00274F72 /* HealthBar.swift */ = {isa = PBXFileReference; fileEncoding = 4; lastKnownFileType = sourcecode.swift; path = HealthBar.swift; sourceTree = "<group>"; };
		102DD5A81E34153E00274F72 /* MapViewController.swift */ = {isa = PBXFileReference; fileEncoding = 4; lastKnownFileType = sourcecode.swift; path = MapViewController.swift; sourceTree = "<group>"; };
		102DD5AA1E343EDE00274F72 /* TitleViewController.swift */ = {isa = PBXFileReference; fileEncoding = 4; lastKnownFileType = sourcecode.swift; path = TitleViewController.swift; sourceTree = "<group>"; };
		102DD5AD1E343F3C00274F72 /* GraveyardViewController.swift */ = {isa = PBXFileReference; fileEncoding = 4; lastKnownFileType = sourcecode.swift; path = GraveyardViewController.swift; sourceTree = "<group>"; };
		102DD5AF1E3455D600274F72 /* displayCell.swift */ = {isa = PBXFileReference; fileEncoding = 4; lastKnownFileType = sourcecode.swift; path = displayCell.swift; sourceTree = "<group>"; };
		102DD5B31E35C0FA00274F72 /* Assets.xcassets */ = {isa = PBXFileReference; lastKnownFileType = folder.assetcatalog; path = Assets.xcassets; sourceTree = "<group>"; };
		1052041E1E36CF4B00E78F5F /* CreateHeroViewController.swift */ = {isa = PBXFileReference; fileEncoding = 4; lastKnownFileType = sourcecode.swift; path = CreateHeroViewController.swift; sourceTree = "<group>"; };
		105204201E36DD6500E78F5F /* StatViewController.swift */ = {isa = PBXFileReference; fileEncoding = 4; lastKnownFileType = sourcecode.swift; path = StatViewController.swift; sourceTree = "<group>"; };
		105204221E37AFA100E78F5F /* Merchant Copy.ttf */ = {isa = PBXFileReference; lastKnownFileType = file; path = "Merchant Copy.ttf"; sourceTree = "<group>"; };
		105204241E37B48A00E78F5F /* Merchant Copy Doublesize.ttf */ = {isa = PBXFileReference; lastKnownFileType = file; path = "Merchant Copy Doublesize.ttf"; sourceTree = "<group>"; };
		10A7A2521E35C9F70064EAC1 /* Fipps-Regular.otf */ = {isa = PBXFileReference; lastKnownFileType = file; path = "Fipps-Regular.otf"; sourceTree = "<group>"; };
		A10EA19E1E365EB0005F9459 /* graveyardCell.swift */ = {isa = PBXFileReference; fileEncoding = 4; lastKnownFileType = sourcecode.swift; name = graveyardCell.swift; path = SnailPG/graveyardCell.swift; sourceTree = "<group>"; };
		A10EA1A01E366B41005F9459 /* continueCell.swift */ = {isa = PBXFileReference; fileEncoding = 4; lastKnownFileType = sourcecode.swift; path = continueCell.swift; sourceTree = "<group>"; };
		A175AC841E32E95D008E8971 /* weaponCell.swift */ = {isa = PBXFileReference; fileEncoding = 4; lastKnownFileType = sourcecode.swift; path = weaponCell.swift; sourceTree = "<group>"; };
		A175AC861E32E967008E8971 /* potionCell.swift */ = {isa = PBXFileReference; fileEncoding = 4; lastKnownFileType = sourcecode.swift; path = potionCell.swift; sourceTree = "<group>"; };
		A175AC881E32E96E008E8971 /* armorCell.swift */ = {isa = PBXFileReference; fileEncoding = 4; lastKnownFileType = sourcecode.swift; path = armorCell.swift; sourceTree = "<group>"; };
		A1769C971E3161A200B8FC3D /* Items.swift */ = {isa = PBXFileReference; fileEncoding = 4; lastKnownFileType = sourcecode.swift; name = Items.swift; path = ../Items.swift; sourceTree = "<group>"; };
		A1769C991E3164E000B8FC3D /* Monster.swift */ = {isa = PBXFileReference; fileEncoding = 4; lastKnownFileType = sourcecode.swift; path = Monster.swift; sourceTree = "<group>"; };
		A184867A1E31A36B00661783 /* BackpackViewController.swift */ = {isa = PBXFileReference; fileEncoding = 4; lastKnownFileType = sourcecode.swift; path = BackpackViewController.swift; sourceTree = "<group>"; };
		A1AB90B11E285AFA00CF4750 /* Snail Fantasy.app */ = {isa = PBXFileReference; explicitFileType = wrapper.application; includeInIndex = 0; path = "Snail Fantasy.app"; sourceTree = BUILT_PRODUCTS_DIR; };
		A1AB90B41E285AFA00CF4750 /* AppDelegate.swift */ = {isa = PBXFileReference; lastKnownFileType = sourcecode.swift; path = AppDelegate.swift; sourceTree = "<group>"; };
		A1AB90B91E285AFA00CF4750 /* Base */ = {isa = PBXFileReference; lastKnownFileType = file.storyboard; name = Base; path = Base.lproj/Main.storyboard; sourceTree = "<group>"; };
		A1AB90BC1E285AFA00CF4750 /* SnailPG.xcdatamodel */ = {isa = PBXFileReference; lastKnownFileType = wrapper.xcdatamodel; path = SnailPG.xcdatamodel; sourceTree = "<group>"; };
		A1AB90C11E285AFA00CF4750 /* Base */ = {isa = PBXFileReference; lastKnownFileType = file.storyboard; name = Base; path = Base.lproj/LaunchScreen.storyboard; sourceTree = "<group>"; };
		A1AB90C31E285AFA00CF4750 /* Info.plist */ = {isa = PBXFileReference; lastKnownFileType = text.plist.xml; path = Info.plist; sourceTree = "<group>"; };
		A1AB90CD1E2860C000CF4750 /* HeroSelectViewController.swift */ = {isa = PBXFileReference; fileEncoding = 4; lastKnownFileType = sourcecode.swift; path = HeroSelectViewController.swift; sourceTree = "<group>"; };
		A1AB90CF1E28662500CF4750 /* MainViewController.swift */ = {isa = PBXFileReference; fileEncoding = 4; lastKnownFileType = sourcecode.swift; path = MainViewController.swift; sourceTree = "<group>"; };
		A1AB90D11E287A4200CF4750 /* BattleViewController.swift */ = {isa = PBXFileReference; fileEncoding = 4; lastKnownFileType = sourcecode.swift; path = BattleViewController.swift; sourceTree = "<group>"; };
		A1E14BC01E2EFA7F005133E3 /* HeroMethods.swift */ = {isa = PBXFileReference; fileEncoding = 4; lastKnownFileType = sourcecode.swift; name = HeroMethods.swift; path = ../HeroMethods.swift; sourceTree = "<group>"; };
		A1E14BC41E2F1440005133E3 /* finalf.ttf */ = {isa = PBXFileReference; lastKnownFileType = file; path = finalf.ttf; sourceTree = "<group>"; };
		A1FA96041E2D453000EA3870 /* ShopViewController.swift */ = {isa = PBXFileReference; fileEncoding = 4; lastKnownFileType = sourcecode.swift; path = ShopViewController.swift; sourceTree = "<group>"; };
/* End PBXFileReference section */

/* Begin PBXFrameworksBuildPhase section */
		A1AB90AE1E285AFA00CF4750 /* Frameworks */ = {
			isa = PBXFrameworksBuildPhase;
			buildActionMask = 2147483647;
			files = (
			);
			runOnlyForDeploymentPostprocessing = 0;
		};
/* End PBXFrameworksBuildPhase section */

/* Begin PBXGroup section */
		102DD5AC1E343EF600274F72 /* Views */ = {
			isa = PBXGroup;
			children = (
				102DD5AA1E343EDE00274F72 /* TitleViewController.swift */,
				102DD5AD1E343F3C00274F72 /* GraveyardViewController.swift */,
				A1FA96041E2D453000EA3870 /* ShopViewController.swift */,
				105204201E36DD6500E78F5F /* StatViewController.swift */,
				A184867A1E31A36B00661783 /* BackpackViewController.swift */,
				A1AB90D11E287A4200CF4750 /* BattleViewController.swift */,
				A1AB90CF1E28662500CF4750 /* MainViewController.swift */,
				102DD5A81E34153E00274F72 /* MapViewController.swift */,
				A1AB90CD1E2860C000CF4750 /* HeroSelectViewController.swift */,
				1052041E1E36CF4B00E78F5F /* CreateHeroViewController.swift */,
			);
			name = Views;
			sourceTree = "<group>";
		};
		A175AC8A1E32E975008E8971 /* Cells */ = {
			isa = PBXGroup;
			children = (
				102DD5AF1E3455D600274F72 /* displayCell.swift */,
				A175AC841E32E95D008E8971 /* weaponCell.swift */,
				A175AC861E32E967008E8971 /* potionCell.swift */,
				A10EA19E1E365EB0005F9459 /* graveyardCell.swift */,
				A10EA1A01E366B41005F9459 /* continueCell.swift */,
				A175AC881E32E96E008E8971 /* armorCell.swift */,
			);
			name = Cells;
			path = ..;
			sourceTree = "<group>";
		};
		A1769C9B1E31699A00B8FC3D /* GameAssets */ = {
			isa = PBXGroup;
			children = (
				102DD5A61E33274D00274F72 /* HealthBar.swift */,
				A1769C991E3164E000B8FC3D /* Monster.swift */,
				A1769C971E3161A200B8FC3D /* Items.swift */,
				A1E14BC01E2EFA7F005133E3 /* HeroMethods.swift */,
			);
			name = GameAssets;
			sourceTree = "<group>";
		};
		A1AB90A81E285AFA00CF4750 = {
			isa = PBXGroup;
			children = (
				A1AB90B31E285AFA00CF4750 /* SnailPG */,
				A1AB90B21E285AFA00CF4750 /* Products */,
			);
			sourceTree = "<group>";
		};
		A1AB90B21E285AFA00CF4750 /* Products */ = {
			isa = PBXGroup;
			children = (
				A1AB90B11E285AFA00CF4750 /* Snail Fantasy.app */,
			);
			name = Products;
			sourceTree = "<group>";
		};
		A1AB90B31E285AFA00CF4750 /* SnailPG */ = {
			isa = PBXGroup;
			children = (
				A175AC8A1E32E975008E8971 /* Cells */,
				A1769C9B1E31699A00B8FC3D /* GameAssets */,
				102DD5AC1E343EF600274F72 /* Views */,
				A1AB90B41E285AFA00CF4750 /* AppDelegate.swift */,
				102DD5B31E35C0FA00274F72 /* Assets.xcassets */,
				A1AB90B81E285AFA00CF4750 /* Main.storyboard */,
				105204241E37B48A00E78F5F /* Merchant Copy Doublesize.ttf */,
				A1E14BC41E2F1440005133E3 /* finalf.ttf */,
				105204221E37AFA100E78F5F /* Merchant Copy.ttf */,
				10A7A2521E35C9F70064EAC1 /* Fipps-Regular.otf */,
				A1AB90C01E285AFA00CF4750 /* LaunchScreen.storyboard */,
				A1AB90C31E285AFA00CF4750 /* Info.plist */,
				A1AB90BB1E285AFA00CF4750 /* SnailPG.xcdatamodeld */,
			);
			path = SnailPG;
			sourceTree = "<group>";
		};
/* End PBXGroup section */

/* Begin PBXNativeTarget section */
		A1AB90B01E285AFA00CF4750 /* Snail Fantasy */ = {
			isa = PBXNativeTarget;
			buildConfigurationList = A1AB90C61E285AFA00CF4750 /* Build configuration list for PBXNativeTarget "Snail Fantasy" */;
			buildPhases = (
				A1AB90AD1E285AFA00CF4750 /* Sources */,
				A1AB90AE1E285AFA00CF4750 /* Frameworks */,
				A1AB90AF1E285AFA00CF4750 /* Resources */,
			);
			buildRules = (
			);
			dependencies = (
			);
			name = "Snail Fantasy";
			productName = SnailPG;
			productReference = A1AB90B11E285AFA00CF4750 /* Snail Fantasy.app */;
			productType = "com.apple.product-type.application";
		};
/* End PBXNativeTarget section */

/* Begin PBXProject section */
		A1AB90A91E285AFA00CF4750 /* Project object */ = {
			isa = PBXProject;
			attributes = {
				LastSwiftUpdateCheck = 0820;
				LastUpgradeCheck = 0820;
				ORGANIZATIONNAME = "Benjamin Swanson";
				TargetAttributes = {
					A1AB90B01E285AFA00CF4750 = {
						CreatedOnToolsVersion = 8.2.1;
						DevelopmentTeam = ULXF9V6CXW;
						ProvisioningStyle = Automatic;
					};
				};
			};
			buildConfigurationList = A1AB90AC1E285AFA00CF4750 /* Build configuration list for PBXProject "Snail Fantasy" */;
			compatibilityVersion = "Xcode 3.2";
			developmentRegion = English;
			hasScannedForEncodings = 0;
			knownRegions = (
				en,
				Base,
			);
			mainGroup = A1AB90A81E285AFA00CF4750;
			productRefGroup = A1AB90B21E285AFA00CF4750 /* Products */;
			projectDirPath = "";
			projectRoot = "";
			targets = (
				A1AB90B01E285AFA00CF4750 /* Snail Fantasy */,
			);
		};
/* End PBXProject section */

/* Begin PBXResourcesBuildPhase section */
		A1AB90AF1E285AFA00CF4750 /* Resources */ = {
			isa = PBXResourcesBuildPhase;
			buildActionMask = 2147483647;
			files = (
				A1AB90C21E285AFA00CF4750 /* LaunchScreen.storyboard in Resources */,
				A1E14BC51E2F1440005133E3 /* finalf.ttf in Resources */,
				10A7A2511E35C5C50064EAC1 /* Info.plist in Resources */,
				105204251E37B48A00E78F5F /* Merchant Copy Doublesize.ttf in Resources */,
				102DD5B41E35C0FA00274F72 /* Assets.xcassets in Resources */,
				105204231E37AFA100E78F5F /* Merchant Copy.ttf in Resources */,
				10A7A2531E35C9F70064EAC1 /* Fipps-Regular.otf in Resources */,
				A1AB90BA1E285AFA00CF4750 /* Main.storyboard in Resources */,
			);
			runOnlyForDeploymentPostprocessing = 0;
		};
/* End PBXResourcesBuildPhase section */

/* Begin PBXSourcesBuildPhase section */
		A1AB90AD1E285AFA00CF4750 /* Sources */ = {
			isa = PBXSourcesBuildPhase;
			buildActionMask = 2147483647;
			files = (
				105204211E36DD6500E78F5F /* StatViewController.swift in Sources */,
				102DD5AE1E343F3C00274F72 /* GraveyardViewController.swift in Sources */,
				102DD5B01E3455D600274F72 /* displayCell.swift in Sources */,
				A175AC871E32E967008E8971 /* potionCell.swift in Sources */,
				102DD5A71E33274D00274F72 /* HealthBar.swift in Sources */,
				A1769C981E3161A200B8FC3D /* Items.swift in Sources */,
				A1769C9A1E3164E000B8FC3D /* Monster.swift in Sources */,
				A1AB90BD1E285AFA00CF4750 /* SnailPG.xcdatamodeld in Sources */,
				A1E14BC11E2EFA7F005133E3 /* HeroMethods.swift in Sources */,
				A1AB90CE1E2860C000CF4750 /* HeroSelectViewController.swift in Sources */,
				A1FA96051E2D453000EA3870 /* ShopViewController.swift in Sources */,
				1052041F1E36CF4B00E78F5F /* CreateHeroViewController.swift in Sources */,
				A10EA1A11E366B41005F9459 /* continueCell.swift in Sources */,
				A175AC851E32E95D008E8971 /* weaponCell.swift in Sources */,
				A175AC891E32E96E008E8971 /* armorCell.swift in Sources */,
				A184867B1E31A36B00661783 /* BackpackViewController.swift in Sources */,
				A1AB90B51E285AFA00CF4750 /* AppDelegate.swift in Sources */,
				A1AB90D01E28662500CF4750 /* MainViewController.swift in Sources */,
				A1AB90D21E287A4200CF4750 /* BattleViewController.swift in Sources */,
				102DD5AB1E343EDE00274F72 /* TitleViewController.swift in Sources */,
				102DD5A91E34153E00274F72 /* MapViewController.swift in Sources */,
				A10EA19F1E365EB0005F9459 /* graveyardCell.swift in Sources */,
			);
			runOnlyForDeploymentPostprocessing = 0;
		};
/* End PBXSourcesBuildPhase section */

/* Begin PBXVariantGroup section */
		A1AB90B81E285AFA00CF4750 /* Main.storyboard */ = {
			isa = PBXVariantGroup;
			children = (
				A1AB90B91E285AFA00CF4750 /* Base */,
			);
			name = Main.storyboard;
			sourceTree = "<group>";
		};
		A1AB90C01E285AFA00CF4750 /* LaunchScreen.storyboard */ = {
			isa = PBXVariantGroup;
			children = (
				A1AB90C11E285AFA00CF4750 /* Base */,
			);
			name = LaunchScreen.storyboard;
			sourceTree = "<group>";
		};
/* End PBXVariantGroup section */

/* Begin XCBuildConfiguration section */
		A1AB90C41E285AFA00CF4750 /* Debug */ = {
			isa = XCBuildConfiguration;
			buildSettings = {
				ALWAYS_SEARCH_USER_PATHS = NO;
				CLANG_ANALYZER_NONNULL = YES;
				CLANG_CXX_LANGUAGE_STANDARD = "gnu++0x";
				CLANG_CXX_LIBRARY = "libc++";
				CLANG_ENABLE_MODULES = YES;
				CLANG_ENABLE_OBJC_ARC = YES;
				CLANG_WARN_BOOL_CONVERSION = YES;
				CLANG_WARN_CONSTANT_CONVERSION = YES;
				CLANG_WARN_DIRECT_OBJC_ISA_USAGE = YES_ERROR;
				CLANG_WARN_DOCUMENTATION_COMMENTS = YES;
				CLANG_WARN_EMPTY_BODY = YES;
				CLANG_WARN_ENUM_CONVERSION = YES;
				CLANG_WARN_INFINITE_RECURSION = YES;
				CLANG_WARN_INT_CONVERSION = YES;
				CLANG_WARN_OBJC_ROOT_CLASS = YES_ERROR;
				CLANG_WARN_SUSPICIOUS_MOVE = YES;
				CLANG_WARN_UNREACHABLE_CODE = YES;
				CLANG_WARN__DUPLICATE_METHOD_MATCH = YES;
				"CODE_SIGN_IDENTITY[sdk=iphoneos*]" = "iPhone Developer";
				COPY_PHASE_STRIP = NO;
				DEBUG_INFORMATION_FORMAT = dwarf;
				ENABLE_STRICT_OBJC_MSGSEND = YES;
				ENABLE_TESTABILITY = YES;
				GCC_C_LANGUAGE_STANDARD = gnu99;
				GCC_DYNAMIC_NO_PIC = NO;
				GCC_NO_COMMON_BLOCKS = YES;
				GCC_OPTIMIZATION_LEVEL = 0;
				GCC_PREPROCESSOR_DEFINITIONS = (
					"DEBUG=1",
					"$(inherited)",
				);
				GCC_WARN_64_TO_32_BIT_CONVERSION = YES;
				GCC_WARN_ABOUT_RETURN_TYPE = YES_ERROR;
				GCC_WARN_UNDECLARED_SELECTOR = YES;
				GCC_WARN_UNINITIALIZED_AUTOS = YES_AGGRESSIVE;
				GCC_WARN_UNUSED_FUNCTION = YES;
				GCC_WARN_UNUSED_VARIABLE = YES;
				IPHONEOS_DEPLOYMENT_TARGET = 10.2;
				MTL_ENABLE_DEBUG_INFO = YES;
				ONLY_ACTIVE_ARCH = YES;
				SDKROOT = iphoneos;
				SWIFT_ACTIVE_COMPILATION_CONDITIONS = DEBUG;
				SWIFT_OPTIMIZATION_LEVEL = "-Onone";
				TARGETED_DEVICE_FAMILY = "1,2";
			};
			name = Debug;
		};
		A1AB90C51E285AFA00CF4750 /* Release */ = {
			isa = XCBuildConfiguration;
			buildSettings = {
				ALWAYS_SEARCH_USER_PATHS = NO;
				CLANG_ANALYZER_NONNULL = YES;
				CLANG_CXX_LANGUAGE_STANDARD = "gnu++0x";
				CLANG_CXX_LIBRARY = "libc++";
				CLANG_ENABLE_MODULES = YES;
				CLANG_ENABLE_OBJC_ARC = YES;
				CLANG_WARN_BOOL_CONVERSION = YES;
				CLANG_WARN_CONSTANT_CONVERSION = YES;
				CLANG_WARN_DIRECT_OBJC_ISA_USAGE = YES_ERROR;
				CLANG_WARN_DOCUMENTATION_COMMENTS = YES;
				CLANG_WARN_EMPTY_BODY = YES;
				CLANG_WARN_ENUM_CONVERSION = YES;
				CLANG_WARN_INFINITE_RECURSION = YES;
				CLANG_WARN_INT_CONVERSION = YES;
				CLANG_WARN_OBJC_ROOT_CLASS = YES_ERROR;
				CLANG_WARN_SUSPICIOUS_MOVE = YES;
				CLANG_WARN_UNREACHABLE_CODE = YES;
				CLANG_WARN__DUPLICATE_METHOD_MATCH = YES;
				"CODE_SIGN_IDENTITY[sdk=iphoneos*]" = "iPhone Developer";
				COPY_PHASE_STRIP = NO;
				DEBUG_INFORMATION_FORMAT = "dwarf-with-dsym";
				ENABLE_NS_ASSERTIONS = NO;
				ENABLE_STRICT_OBJC_MSGSEND = YES;
				GCC_C_LANGUAGE_STANDARD = gnu99;
				GCC_NO_COMMON_BLOCKS = YES;
				GCC_WARN_64_TO_32_BIT_CONVERSION = YES;
				GCC_WARN_ABOUT_RETURN_TYPE = YES_ERROR;
				GCC_WARN_UNDECLARED_SELECTOR = YES;
				GCC_WARN_UNINITIALIZED_AUTOS = YES_AGGRESSIVE;
				GCC_WARN_UNUSED_FUNCTION = YES;
				GCC_WARN_UNUSED_VARIABLE = YES;
				IPHONEOS_DEPLOYMENT_TARGET = 10.2;
				MTL_ENABLE_DEBUG_INFO = NO;
				SDKROOT = iphoneos;
				SWIFT_OPTIMIZATION_LEVEL = "-Owholemodule";
				TARGETED_DEVICE_FAMILY = "1,2";
				VALIDATE_PRODUCT = YES;
			};
			name = Release;
		};
		A1AB90C71E285AFA00CF4750 /* Debug */ = {
			isa = XCBuildConfiguration;
			buildSettings = {
				ASSETCATALOG_COMPILER_APPICON_NAME = AppIcon;
				DEVELOPMENT_TEAM = ULXF9V6CXW;
				INFOPLIST_FILE = SnailPG/Info.plist;
				LD_RUNPATH_SEARCH_PATHS = "$(inherited) @executable_path/Frameworks";
				PRODUCT_BUNDLE_IDENTIFIER = qwerji.SnailPG;
				PRODUCT_NAME = "$(TARGET_NAME)";
				SWIFT_VERSION = 3.0;
			};
			name = Debug;
		};
		A1AB90C81E285AFA00CF4750 /* Release */ = {
			isa = XCBuildConfiguration;
			buildSettings = {
				ASSETCATALOG_COMPILER_APPICON_NAME = AppIcon;
				DEVELOPMENT_TEAM = ULXF9V6CXW;
				INFOPLIST_FILE = SnailPG/Info.plist;
				LD_RUNPATH_SEARCH_PATHS = "$(inherited) @executable_path/Frameworks";
				PRODUCT_BUNDLE_IDENTIFIER = qwerji.SnailPG;
				PRODUCT_NAME = "$(TARGET_NAME)";
				SWIFT_VERSION = 3.0;
			};
			name = Release;
		};
/* End XCBuildConfiguration section */

/* Begin XCConfigurationList section */
		A1AB90AC1E285AFA00CF4750 /* Build configuration list for PBXProject "Snail Fantasy" */ = {
			isa = XCConfigurationList;
			buildConfigurations = (
				A1AB90C41E285AFA00CF4750 /* Debug */,
				A1AB90C51E285AFA00CF4750 /* Release */,
			);
			defaultConfigurationIsVisible = 0;
			defaultConfigurationName = Release;
		};
		A1AB90C61E285AFA00CF4750 /* Build configuration list for PBXNativeTarget "Snail Fantasy" */ = {
			isa = XCConfigurationList;
			buildConfigurations = (
				A1AB90C71E285AFA00CF4750 /* Debug */,
				A1AB90C81E285AFA00CF4750 /* Release */,
			);
			defaultConfigurationIsVisible = 0;
			defaultConfigurationName = Release;
		};
/* End XCConfigurationList section */

/* Begin XCVersionGroup section */
		A1AB90BB1E285AFA00CF4750 /* SnailPG.xcdatamodeld */ = {
			isa = XCVersionGroup;
			children = (
				A1AB90BC1E285AFA00CF4750 /* SnailPG.xcdatamodel */,
			);
			currentVersion = A1AB90BC1E285AFA00CF4750 /* SnailPG.xcdatamodel */;
			path = SnailPG.xcdatamodeld;
			sourceTree = "<group>";
			versionGroupType = wrapper.xcdatamodel;
		};
/* End XCVersionGroup section */
	};
	rootObject = A1AB90A91E285AFA00CF4750 /* Project object */;
}
