// !$*UTF8*$!
{
	archiveVersion = 1;
	classes = {
	};
	objectVersion = 46;
	objects = {

/* Begin PBXBuildFile section */
		102DD5A71E33274D00274F72 /* HealthBar.swift in Sources */ = {isa = PBXBuildFile; fileRef = 102DD5A61E33274D00274F72 /* HealthBar.swift */; };
		102DD5A91E34153E00274F72 /* MapViewController.swift in Sources */ = {isa = PBXBuildFile; fileRef = 102DD5A81E34153E00274F72 /* MapViewController.swift */; };
		102DD5AE1E343F3C00274F72 /* GraveyardViewController.swift in Sources */ = {isa = PBXBuildFile; fileRef = 102DD5AD1E343F3C00274F72 /* GraveyardViewController.swift */; };
		102DD5B01E3455D600274F72 /* displayCell.swift in Sources */ = {isa = PBXBuildFile; fileRef = 102DD5AF1E3455D600274F72 /* displayCell.swift */; };
		102DD5B41E35C0FA00274F72 /* Assets.xcassets in Resources */ = {isa = PBXBuildFile; fileRef = 102DD5B31E35C0FA00274F72 /* Assets.xcassets */; };
		1052041F1E36CF4B00E78F5F /* CreateHeroViewController.swift in Sources */ = {isa = PBXBuildFile; fileRef = 1052041E1E36CF4B00E78F5F /* CreateHeroViewController.swift */; };
		105204211E36DD6500E78F5F /* StatViewController.swift in Sources */ = {isa = PBXBuildFile; fileRef = 105204201E36DD6500E78F5F /* StatViewController.swift */; };
		105204231E37AFA100E78F5F /* Merchant Copy.ttf in Resources */ = {isa = PBXBuildFile; fileRef = 105204221E37AFA100E78F5F /* Merchant Copy.ttf */; };
		105204251E37B48A00E78F5F /* Merchant Copy Doublesize.ttf in Resources */ = {isa = PBXBuildFile; fileRef = 105204241E37B48A00E78F5F /* Merchant Copy Doublesize.ttf */; };
		10A7A2511E35C5C50064EAC1 /* Info.plist in Resources */ = {isa = PBXBuildFile; fileRef = A1AB90C31E285AFA00CF4750 /* Info.plist */; };
		10A7A2531E35C9F70064EAC1 /* Fipps-Regular.otf in Resources */ = {isa = PBXBuildFile; fileRef = 10A7A2521E35C9F70064EAC1 /* Fipps-Regular.otf */; };
		10ABC9841E451D0B004ABD63 /* battlewindow.png in Resources */ = {isa = PBXBuildFile; fileRef = 10ABC9831E451D0B004ABD63 /* battlewindow.png */; };
		3F566FAF1E393B9E00811DA7 /* heroAbilities.swift in Sources */ = {isa = PBXBuildFile; fileRef = 3F566FAE1E393B9E00811DA7 /* heroAbilities.swift */; };
		A10BA8BF1E423742007E3532 /* GoogleService-Info.plist in Resources */ = {isa = PBXBuildFile; fileRef = A10BA8BE1E423742007E3532 /* GoogleService-Info.plist */; };
		A10BA8C11E42931D007E3532 /* LogInViewController.swift in Sources */ = {isa = PBXBuildFile; fileRef = A10BA8C01E42931D007E3532 /* LogInViewController.swift */; };
		A10EA19F1E365EB0005F9459 /* graveyardCell.swift in Sources */ = {isa = PBXBuildFile; fileRef = A10EA19E1E365EB0005F9459 /* graveyardCell.swift */; };
		A10EA1A11E366B41005F9459 /* continueCell.swift in Sources */ = {isa = PBXBuildFile; fileRef = A10EA1A01E366B41005F9459 /* continueCell.swift */; };
		A12D9EFD1E42B7BC005E553A /* LeaderboardViewController.swift in Sources */ = {isa = PBXBuildFile; fileRef = A12D9EFC1E42B7BC005E553A /* LeaderboardViewController.swift */; };
		A160ACDB1E4398E00050B1B1 /* TitleViewController.swift in Sources */ = {isa = PBXBuildFile; fileRef = A160ACDA1E4398E00050B1B1 /* TitleViewController.swift */; };
		A175AC851E32E95D008E8971 /* weaponCell.swift in Sources */ = {isa = PBXBuildFile; fileRef = A175AC841E32E95D008E8971 /* weaponCell.swift */; };
		A175AC871E32E967008E8971 /* potionCell.swift in Sources */ = {isa = PBXBuildFile; fileRef = A175AC861E32E967008E8971 /* potionCell.swift */; };
		A175AC891E32E96E008E8971 /* armorCell.swift in Sources */ = {isa = PBXBuildFile; fileRef = A175AC881E32E96E008E8971 /* armorCell.swift */; };
		A1769C981E3161A200B8FC3D /* Items.swift in Sources */ = {isa = PBXBuildFile; fileRef = A1769C971E3161A200B8FC3D /* Items.swift */; };
		A1769C9A1E3164E000B8FC3D /* Monster.swift in Sources */ = {isa = PBXBuildFile; fileRef = A1769C991E3164E000B8FC3D /* Monster.swift */; };
		A184867B1E31A36B00661783 /* BackpackViewController.swift in Sources */ = {isa = PBXBuildFile; fileRef = A184867A1E31A36B00661783 /* BackpackViewController.swift */; };
		A18CEB441E392BD2000FA989 /* GraveyardDetailViewController.swift in Sources */ = {isa = PBXBuildFile; fileRef = A18CEB431E392BD2000FA989 /* GraveyardDetailViewController.swift */; };
		A18CEB461E3968EE000FA989 /* AreaData.swift in Sources */ = {isa = PBXBuildFile; fileRef = A18CEB451E3968EE000FA989 /* AreaData.swift */; };
		A18CEB481E3970B7000FA989 /* HeroInit.swift in Sources */ = {isa = PBXBuildFile; fileRef = A18CEB471E3970B7000FA989 /* HeroInit.swift */; };
		A18CEB4A1E397A5A000FA989 /* RandomNameGenerator.swift in Sources */ = {isa = PBXBuildFile; fileRef = A18CEB491E397A5A000FA989 /* RandomNameGenerator.swift */; };
		A18CEB4C1E39B45F000FA989 /* AchievementModalViewController.swift in Sources */ = {isa = PBXBuildFile; fileRef = A18CEB4B1E39B45F000FA989 /* AchievementModalViewController.swift */; };
		A1AB90B51E285AFA00CF4750 /* AppDelegate.swift in Sources */ = {isa = PBXBuildFile; fileRef = A1AB90B41E285AFA00CF4750 /* AppDelegate.swift */; };
		A1AB90BA1E285AFA00CF4750 /* Main.storyboard in Resources */ = {isa = PBXBuildFile; fileRef = A1AB90B81E285AFA00CF4750 /* Main.storyboard */; };
		A1AB90BD1E285AFA00CF4750 /* SnailPG.xcdatamodeld in Sources */ = {isa = PBXBuildFile; fileRef = A1AB90BB1E285AFA00CF4750 /* SnailPG.xcdatamodeld */; };
		A1AB90C21E285AFA00CF4750 /* LaunchScreen.storyboard in Resources */ = {isa = PBXBuildFile; fileRef = A1AB90C01E285AFA00CF4750 /* LaunchScreen.storyboard */; };
		A1AB90CE1E2860C000CF4750 /* HeroSelectViewController.swift in Sources */ = {isa = PBXBuildFile; fileRef = A1AB90CD1E2860C000CF4750 /* HeroSelectViewController.swift */; };
		A1AB90D01E28662500CF4750 /* MainViewController.swift in Sources */ = {isa = PBXBuildFile; fileRef = A1AB90CF1E28662500CF4750 /* MainViewController.swift */; };
		A1AB90D21E287A4200CF4750 /* BattleViewController.swift in Sources */ = {isa = PBXBuildFile; fileRef = A1AB90D11E287A4200CF4750 /* BattleViewController.swift */; };
		A1B0AE6C1E37FC1600F837A4 /* BattleLogCell.swift in Sources */ = {isa = PBXBuildFile; fileRef = A1B0AE6B1E37FC1600F837A4 /* BattleLogCell.swift */; };
		A1C868B91E3A4EA700F78CA3 /* Achievements.swift in Sources */ = {isa = PBXBuildFile; fileRef = A1C868B81E3A4EA700F78CA3 /* Achievements.swift */; };
		A1E14BC11E2EFA7F005133E3 /* HeroMethods.swift in Sources */ = {isa = PBXBuildFile; fileRef = A1E14BC01E2EFA7F005133E3 /* HeroMethods.swift */; };
		A1E14BC51E2F1440005133E3 /* finalf.ttf in Resources */ = {isa = PBXBuildFile; fileRef = A1E14BC41E2F1440005133E3 /* finalf.ttf */; };
		A1F0126D1E4508A90084FBEB /* AbilityModalViewController.swift in Sources */ = {isa = PBXBuildFile; fileRef = A1F0126C1E4508A90084FBEB /* AbilityModalViewController.swift */; };
		A1F9D3411E4A71F70071C71C /* HeroCoreDataQueries.swift in Sources */ = {isa = PBXBuildFile; fileRef = A1F9D3401E4A71F70071C71C /* HeroCoreDataQueries.swift */; };
		A1FA96051E2D453000EA3870 /* ShopViewController.swift in Sources */ = {isa = PBXBuildFile; fileRef = A1FA96041E2D453000EA3870 /* ShopViewController.swift */; };
		CEB305850600F46D474A4A45 /* Pods_Snail_Fantasy.framework in Frameworks */ = {isa = PBXBuildFile; fileRef = 546A2CDF43266E29F8A1BB19 /* Pods_Snail_Fantasy.framework */; };
/* End PBXBuildFile section */

/* Begin PBXFileReference section */
		102DD5A61E33274D00274F72 /* HealthBar.swift */ = {isa = PBXFileReference; fileEncoding = 4; lastKnownFileType = sourcecode.swift; path = HealthBar.swift; sourceTree = "<group>"; };
		102DD5A81E34153E00274F72 /* MapViewController.swift */ = {isa = PBXFileReference; fileEncoding = 4; lastKnownFileType = sourcecode.swift; path = MapViewController.swift; sourceTree = "<group>"; };
		102DD5AD1E343F3C00274F72 /* GraveyardViewController.swift */ = {isa = PBXFileReference; fileEncoding = 4; lastKnownFileType = sourcecode.swift; path = GraveyardViewController.swift; sourceTree = "<group>"; };
		102DD5AF1E3455D600274F72 /* displayCell.swift */ = {isa = PBXFileReference; fileEncoding = 4; lastKnownFileType = sourcecode.swift; path = displayCell.swift; sourceTree = "<group>"; };
		102DD5B31E35C0FA00274F72 /* Assets.xcassets */ = {isa = PBXFileReference; lastKnownFileType = folder.assetcatalog; path = Assets.xcassets; sourceTree = "<group>"; };
		1052041E1E36CF4B00E78F5F /* CreateHeroViewController.swift */ = {isa = PBXFileReference; fileEncoding = 4; lastKnownFileType = sourcecode.swift; path = CreateHeroViewController.swift; sourceTree = "<group>"; };
		105204201E36DD6500E78F5F /* StatViewController.swift */ = {isa = PBXFileReference; fileEncoding = 4; lastKnownFileType = sourcecode.swift; path = StatViewController.swift; sourceTree = "<group>"; };
		105204221E37AFA100E78F5F /* Merchant Copy.ttf */ = {isa = PBXFileReference; lastKnownFileType = file; path = "Merchant Copy.ttf"; sourceTree = "<group>"; };
		105204241E37B48A00E78F5F /* Merchant Copy Doublesize.ttf */ = {isa = PBXFileReference; lastKnownFileType = file; path = "Merchant Copy Doublesize.ttf"; sourceTree = "<group>"; };
		10A7A2521E35C9F70064EAC1 /* Fipps-Regular.otf */ = {isa = PBXFileReference; lastKnownFileType = file; path = "Fipps-Regular.otf"; sourceTree = "<group>"; };
		10ABC9831E451D0B004ABD63 /* battlewindow.png */ = {isa = PBXFileReference; lastKnownFileType = image.png; path = battlewindow.png; sourceTree = "<group>"; };
		3F566FAE1E393B9E00811DA7 /* heroAbilities.swift */ = {isa = PBXFileReference; fileEncoding = 4; lastKnownFileType = sourcecode.swift; path = heroAbilities.swift; sourceTree = "<group>"; };
		546A2CDF43266E29F8A1BB19 /* Pods_Snail_Fantasy.framework */ = {isa = PBXFileReference; explicitFileType = wrapper.framework; includeInIndex = 0; path = Pods_Snail_Fantasy.framework; sourceTree = BUILT_PRODUCTS_DIR; };
		5506D2E8829748E952ADAD94 /* Pods-Snail Fantasy.debug.xcconfig */ = {isa = PBXFileReference; includeInIndex = 1; lastKnownFileType = text.xcconfig; name = "Pods-Snail Fantasy.debug.xcconfig"; path = "Pods/Target Support Files/Pods-Snail Fantasy/Pods-Snail Fantasy.debug.xcconfig"; sourceTree = "<group>"; };
		A10BA8BE1E423742007E3532 /* GoogleService-Info.plist */ = {isa = PBXFileReference; fileEncoding = 4; lastKnownFileType = text.plist.xml; path = "GoogleService-Info.plist"; sourceTree = "<group>"; };
		A10BA8C01E42931D007E3532 /* LogInViewController.swift */ = {isa = PBXFileReference; fileEncoding = 4; lastKnownFileType = sourcecode.swift; path = LogInViewController.swift; sourceTree = "<group>"; };
		A10EA19E1E365EB0005F9459 /* graveyardCell.swift */ = {isa = PBXFileReference; fileEncoding = 4; lastKnownFileType = sourcecode.swift; name = graveyardCell.swift; path = SnailPG/graveyardCell.swift; sourceTree = "<group>"; };
		A10EA1A01E366B41005F9459 /* continueCell.swift */ = {isa = PBXFileReference; fileEncoding = 4; lastKnownFileType = sourcecode.swift; path = continueCell.swift; sourceTree = "<group>"; };
		A12D9EFC1E42B7BC005E553A /* LeaderboardViewController.swift */ = {isa = PBXFileReference; fileEncoding = 4; lastKnownFileType = sourcecode.swift; path = LeaderboardViewController.swift; sourceTree = "<group>"; };
		A160ACDA1E4398E00050B1B1 /* TitleViewController.swift */ = {isa = PBXFileReference; fileEncoding = 4; lastKnownFileType = sourcecode.swift; path = TitleViewController.swift; sourceTree = "<group>"; };
		A175AC841E32E95D008E8971 /* weaponCell.swift */ = {isa = PBXFileReference; fileEncoding = 4; lastKnownFileType = sourcecode.swift; path = weaponCell.swift; sourceTree = "<group>"; };
		A175AC861E32E967008E8971 /* potionCell.swift */ = {isa = PBXFileReference; fileEncoding = 4; lastKnownFileType = sourcecode.swift; path = potionCell.swift; sourceTree = "<group>"; };
		A175AC881E32E96E008E8971 /* armorCell.swift */ = {isa = PBXFileReference; fileEncoding = 4; lastKnownFileType = sourcecode.swift; path = armorCell.swift; sourceTree = "<group>"; };
		A1769C971E3161A200B8FC3D /* Items.swift */ = {isa = PBXFileReference; fileEncoding = 4; lastKnownFileType = sourcecode.swift; name = Items.swift; path = ../Items.swift; sourceTree = "<group>"; };
		A1769C991E3164E000B8FC3D /* Monster.swift */ = {isa = PBXFileReference; fileEncoding = 4; lastKnownFileType = sourcecode.swift; path = Monster.swift; sourceTree = "<group>"; };
		A184867A1E31A36B00661783 /* BackpackViewController.swift */ = {isa = PBXFileReference; fileEncoding = 4; lastKnownFileType = sourcecode.swift; path = BackpackViewController.swift; sourceTree = "<group>"; };
		A18CEB431E392BD2000FA989 /* GraveyardDetailViewController.swift */ = {isa = PBXFileReference; fileEncoding = 4; lastKnownFileType = sourcecode.swift; name = GraveyardDetailViewController.swift; path = ../GraveyardDetailViewController.swift; sourceTree = "<group>"; };
		A18CEB451E3968EE000FA989 /* AreaData.swift */ = {isa = PBXFileReference; fileEncoding = 4; lastKnownFileType = sourcecode.swift; path = AreaData.swift; sourceTree = "<group>"; };
		A18CEB471E3970B7000FA989 /* HeroInit.swift */ = {isa = PBXFileReference; fileEncoding = 4; lastKnownFileType = sourcecode.swift; path = HeroInit.swift; sourceTree = "<group>"; };
		A18CEB491E397A5A000FA989 /* RandomNameGenerator.swift */ = {isa = PBXFileReference; fileEncoding = 4; lastKnownFileType = sourcecode.swift; path = RandomNameGenerator.swift; sourceTree = "<group>"; };
		A18CEB4B1E39B45F000FA989 /* AchievementModalViewController.swift */ = {isa = PBXFileReference; fileEncoding = 4; lastKnownFileType = sourcecode.swift; path = AchievementModalViewController.swift; sourceTree = "<group>"; };
		A1AB90B11E285AFA00CF4750 /* Snail Fantasy.app */ = {isa = PBXFileReference; explicitFileType = wrapper.application; includeInIndex = 0; path = "Snail Fantasy.app"; sourceTree = BUILT_PRODUCTS_DIR; };
		A1AB90B41E285AFA00CF4750 /* AppDelegate.swift */ = {isa = PBXFileReference; lastKnownFileType = sourcecode.swift; path = AppDelegate.swift; sourceTree = "<group>"; };
		A1AB90B91E285AFA00CF4750 /* Base */ = {isa = PBXFileReference; lastKnownFileType = file.storyboard; name = Base; path = Base.lproj/Main.storyboard; sourceTree = "<group>"; };
		A1AB90BC1E285AFA00CF4750 /* SnailPG.xcdatamodel */ = {isa = PBXFileReference; lastKnownFileType = wrapper.xcdatamodel; path = SnailPG.xcdatamodel; sourceTree = "<group>"; };
		A1AB90C11E285AFA00CF4750 /* Base */ = {isa = PBXFileReference; lastKnownFileType = file.storyboard; name = Base; path = Base.lproj/LaunchScreen.storyboard; sourceTree = "<group>"; };
		A1AB90C31E285AFA00CF4750 /* Info.plist */ = {isa = PBXFileReference; lastKnownFileType = text.plist.xml; path = Info.plist; sourceTree = "<group>"; };
		A1AB90CD1E2860C000CF4750 /* HeroSelectViewController.swift */ = {isa = PBXFileReference; fileEncoding = 4; lastKnownFileType = sourcecode.swift; path = HeroSelectViewController.swift; sourceTree = "<group>"; };
		A1AB90CF1E28662500CF4750 /* MainViewController.swift */ = {isa = PBXFileReference; fileEncoding = 4; lastKnownFileType = sourcecode.swift; path = MainViewController.swift; sourceTree = "<group>"; };
		A1AB90D11E287A4200CF4750 /* BattleViewController.swift */ = {isa = PBXFileReference; fileEncoding = 4; lastKnownFileType = sourcecode.swift; path = BattleViewController.swift; sourceTree = "<group>"; };
		A1B0AE6B1E37FC1600F837A4 /* BattleLogCell.swift */ = {isa = PBXFileReference; fileEncoding = 4; lastKnownFileType = sourcecode.swift; name = BattleLogCell.swift; path = SnailPG/BattleLogCell.swift; sourceTree = "<group>"; };
		A1C868B81E3A4EA700F78CA3 /* Achievements.swift */ = {isa = PBXFileReference; fileEncoding = 4; lastKnownFileType = sourcecode.swift; path = Achievements.swift; sourceTree = "<group>"; };
		A1E14BC01E2EFA7F005133E3 /* HeroMethods.swift */ = {isa = PBXFileReference; fileEncoding = 4; lastKnownFileType = sourcecode.swift; name = HeroMethods.swift; path = ../HeroMethods.swift; sourceTree = "<group>"; };
		A1E14BC41E2F1440005133E3 /* finalf.ttf */ = {isa = PBXFileReference; lastKnownFileType = file; path = finalf.ttf; sourceTree = "<group>"; };
		A1F0126C1E4508A90084FBEB /* AbilityModalViewController.swift */ = {isa = PBXFileReference; fileEncoding = 4; lastKnownFileType = sourcecode.swift; path = AbilityModalViewController.swift; sourceTree = "<group>"; };
		A1F9D3401E4A71F70071C71C /* HeroCoreDataQueries.swift */ = {isa = PBXFileReference; fileEncoding = 4; lastKnownFileType = sourcecode.swift; path = HeroCoreDataQueries.swift; sourceTree = "<group>"; };
		A1FA96041E2D453000EA3870 /* ShopViewController.swift */ = {isa = PBXFileReference; fileEncoding = 4; lastKnownFileType = sourcecode.swift; path = ShopViewController.swift; sourceTree = "<group>"; };
		BC89B38CF6DF699C70F024F6 /* Pods-Snail Fantasy.release.xcconfig */ = {isa = PBXFileReference; includeInIndex = 1; lastKnownFileType = text.xcconfig; name = "Pods-Snail Fantasy.release.xcconfig"; path = "Pods/Target Support Files/Pods-Snail Fantasy/Pods-Snail Fantasy.release.xcconfig"; sourceTree = "<group>"; };
/* End PBXFileReference section */

/* Begin PBXFrameworksBuildPhase section */
		A1AB90AE1E285AFA00CF4750 /* Frameworks */ = {
			isa = PBXFrameworksBuildPhase;
			buildActionMask = 2147483647;
			files = (
				CEB305850600F46D474A4A45 /* Pods_Snail_Fantasy.framework in Frameworks */,
			);
			runOnlyForDeploymentPostprocessing = 0;
		};
/* End PBXFrameworksBuildPhase section */

/* Begin PBXGroup section */
		102DD5AC1E343EF600274F72 /* Views */ = {
			isa = PBXGroup;
			children = (
				A160ACDA1E4398E00050B1B1 /* TitleViewController.swift */,
				A12D9EFC1E42B7BC005E553A /* LeaderboardViewController.swift */,
				A10BA8C01E42931D007E3532 /* LogInViewController.swift */,
				A18CEB431E392BD2000FA989 /* GraveyardDetailViewController.swift */,
				102DD5AD1E343F3C00274F72 /* GraveyardViewController.swift */,
				A1FA96041E2D453000EA3870 /* ShopViewController.swift */,
				105204201E36DD6500E78F5F /* StatViewController.swift */,
				A184867A1E31A36B00661783 /* BackpackViewController.swift */,
				A1AB90D11E287A4200CF4750 /* BattleViewController.swift */,
				A1AB90CF1E28662500CF4750 /* MainViewController.swift */,
				102DD5A81E34153E00274F72 /* MapViewController.swift */,
				A1AB90CD1E2860C000CF4750 /* HeroSelectViewController.swift */,
				1052041E1E36CF4B00E78F5F /* CreateHeroViewController.swift */,
			);
			name = Views;
			sourceTree = "<group>";
		};
		5E4748E97CFC47C32AB33249 /* Pods */ = {
			isa = PBXGroup;
			children = (
				5506D2E8829748E952ADAD94 /* Pods-Snail Fantasy.debug.xcconfig */,
				BC89B38CF6DF699C70F024F6 /* Pods-Snail Fantasy.release.xcconfig */,
			);
			name = Pods;
			sourceTree = "<group>";
		};
		919448BC48D8884733A8F1DC /* Frameworks */ = {
			isa = PBXGroup;
			children = (
				546A2CDF43266E29F8A1BB19 /* Pods_Snail_Fantasy.framework */,
			);
			name = Frameworks;
			sourceTree = "<group>";
		};
		A175AC8A1E32E975008E8971 /* Cells */ = {
			isa = PBXGroup;
			children = (
				A1B0AE6B1E37FC1600F837A4 /* BattleLogCell.swift */,
				102DD5AF1E3455D600274F72 /* displayCell.swift */,
				A175AC841E32E95D008E8971 /* weaponCell.swift */,
				A175AC861E32E967008E8971 /* potionCell.swift */,
				A10EA19E1E365EB0005F9459 /* graveyardCell.swift */,
				A10EA1A01E366B41005F9459 /* continueCell.swift */,
				A175AC881E32E96E008E8971 /* armorCell.swift */,
			);
			name = Cells;
			path = ..;
			sourceTree = "<group>";
		};
		A1769C9B1E31699A00B8FC3D /* GameAssets */ = {
			isa = PBXGroup;
			children = (
				102DD5A61E33274D00274F72 /* HealthBar.swift */,
				A1769C991E3164E000B8FC3D /* Monster.swift */,
				A18CEB451E3968EE000FA989 /* AreaData.swift */,
				A1769C971E3161A200B8FC3D /* Items.swift */,
				A1E14BC01E2EFA7F005133E3 /* HeroMethods.swift */,
				3F566FAE1E393B9E00811DA7 /* heroAbilities.swift */,
				A18CEB471E3970B7000FA989 /* HeroInit.swift */,
				A1C868B81E3A4EA700F78CA3 /* Achievements.swift */,
				A18CEB491E397A5A000FA989 /* RandomNameGenerator.swift */,
				A1F9D3401E4A71F70071C71C /* HeroCoreDataQueries.swift */,
			);
			name = GameAssets;
			sourceTree = "<group>";
		};
		A18CEB4D1E39B468000FA989 /* Modals */ = {
			isa = PBXGroup;
			children = (
				A18CEB4B1E39B45F000FA989 /* AchievementModalViewController.swift */,
				A1F0126C1E4508A90084FBEB /* AbilityModalViewController.swift */,
			);
			name = Modals;
			path = ..;
			sourceTree = "<group>";
		};
		A1AB90A81E285AFA00CF4750 = {
			isa = PBXGroup;
			children = (
				A1AB90B31E285AFA00CF4750 /* SnailPG */,
				A1AB90B21E285AFA00CF4750 /* Products */,
				5E4748E97CFC47C32AB33249 /* Pods */,
				919448BC48D8884733A8F1DC /* Frameworks */,
			);
			sourceTree = "<group>";
		};
		A1AB90B21E285AFA00CF4750 /* Products */ = {
			isa = PBXGroup;
			children = (
				A1AB90B11E285AFA00CF4750 /* Snail Fantasy.app */,
			);
			name = Products;
			sourceTree = "<group>";
		};
		A1AB90B31E285AFA00CF4750 /* SnailPG */ = {
			isa = PBXGroup;
			children = (
				A18CEB4D1E39B468000FA989 /* Modals */,
				A175AC8A1E32E975008E8971 /* Cells */,
				A1769C9B1E31699A00B8FC3D /* GameAssets */,
				102DD5AC1E343EF600274F72 /* Views */,
				A1AB90B41E285AFA00CF4750 /* AppDelegate.swift */,
				102DD5B31E35C0FA00274F72 /* Assets.xcassets */,
				A1AB90B81E285AFA00CF4750 /* Main.storyboard */,
				105204241E37B48A00E78F5F /* Merchant Copy Doublesize.ttf */,
				A1E14BC41E2F1440005133E3 /* finalf.ttf */,
				105204221E37AFA100E78F5F /* Merchant Copy.ttf */,
				10ABC9831E451D0B004ABD63 /* battlewindow.png */,
				10A7A2521E35C9F70064EAC1 /* Fipps-Regular.otf */,
				A1AB90C01E285AFA00CF4750 /* LaunchScreen.storyboard */,
				A1AB90C31E285AFA00CF4750 /* Info.plist */,
				A1AB90BB1E285AFA00CF4750 /* SnailPG.xcdatamodeld */,
				A10BA8BE1E423742007E3532 /* GoogleService-Info.plist */,
			);
			path = SnailPG;
			sourceTree = "<group>";
		};
/* End PBXGroup section */

/* Begin PBXNativeTarget section */
		A1AB90B01E285AFA00CF4750 /* Snail Fantasy */ = {
			isa = PBXNativeTarget;
			buildConfigurationList = A1AB90C61E285AFA00CF4750 /* Build configuration list for PBXNativeTarget "Snail Fantasy" */;
			buildPhases = (
				C7C1AABE42FE406453004B80 /* [CP] Check Pods Manifest.lock */,
				A1AB90AD1E285AFA00CF4750 /* Sources */,
				A1AB90AE1E285AFA00CF4750 /* Frameworks */,
				A1AB90AF1E285AFA00CF4750 /* Resources */,
				FF2CDB8EC7D68FA37BCCE70D /* [CP] Embed Pods Frameworks */,
				8969DE0EA10180310CB52CBF /* [CP] Copy Pods Resources */,
			);
			buildRules = (
			);
			dependencies = (
			);
			name = "Snail Fantasy";
			productName = SnailPG;
			productReference = A1AB90B11E285AFA00CF4750 /* Snail Fantasy.app */;
			productType = "com.apple.product-type.application";
		};
/* End PBXNativeTarget section */

/* Begin PBXProject section */
		A1AB90A91E285AFA00CF4750 /* Project object */ = {
			isa = PBXProject;
			attributes = {
				LastSwiftUpdateCheck = 0820;
				LastUpgradeCheck = 0820;
				ORGANIZATIONNAME = "Benjamin Swanson";
				TargetAttributes = {
					A1AB90B01E285AFA00CF4750 = {
						CreatedOnToolsVersion = 8.2.1;
						DevelopmentTeam = SW67XSUQ7J;
						ProvisioningStyle = Automatic;
					};
				};
			};
			buildConfigurationList = A1AB90AC1E285AFA00CF4750 /* Build configuration list for PBXProject "Snail Fantasy" */;
			compatibilityVersion = "Xcode 3.2";
			developmentRegion = English;
			hasScannedForEncodings = 0;
			knownRegions = (
				en,
				Base,
			);
			mainGroup = A1AB90A81E285AFA00CF4750;
			productRefGroup = A1AB90B21E285AFA00CF4750 /* Products */;
			projectDirPath = "";
			projectRoot = "";
			targets = (
				A1AB90B01E285AFA00CF4750 /* Snail Fantasy */,
			);
		};
/* End PBXProject section */

/* Begin PBXResourcesBuildPhase section */
		A1AB90AF1E285AFA00CF4750 /* Resources */ = {
			isa = PBXResourcesBuildPhase;
			buildActionMask = 2147483647;
			files = (
				A1AB90C21E285AFA00CF4750 /* LaunchScreen.storyboard in Resources */,
				A1E14BC51E2F1440005133E3 /* finalf.ttf in Resources */,
				A10BA8BF1E423742007E3532 /* GoogleService-Info.plist in Resources */,
				10ABC9841E451D0B004ABD63 /* battlewindow.png in Resources */,
				10A7A2511E35C5C50064EAC1 /* Info.plist in Resources */,
				105204251E37B48A00E78F5F /* Merchant Copy Doublesize.ttf in Resources */,
				102DD5B41E35C0FA00274F72 /* Assets.xcassets in Resources */,
				105204231E37AFA100E78F5F /* Merchant Copy.ttf in Resources */,
				10A7A2531E35C9F70064EAC1 /* Fipps-Regular.otf in Resources */,
				A1AB90BA1E285AFA00CF4750 /* Main.storyboard in Resources */,
			);
			runOnlyForDeploymentPostprocessing = 0;
		};
/* End PBXResourcesBuildPhase section */

/* Begin PBXShellScriptBuildPhase section */
		8969DE0EA10180310CB52CBF /* [CP] Copy Pods Resources */ = {
			isa = PBXShellScriptBuildPhase;
			buildActionMask = 2147483647;
			files = (
			);
			inputPaths = (
			);
			name = "[CP] Copy Pods Resources";
			outputPaths = (
			);
			runOnlyForDeploymentPostprocessing = 0;
			shellPath = /bin/sh;
			shellScript = "\"${SRCROOT}/Pods/Target Support Files/Pods-Snail Fantasy/Pods-Snail Fantasy-resources.sh\"\n";
			showEnvVarsInLog = 0;
		};
		C7C1AABE42FE406453004B80 /* [CP] Check Pods Manifest.lock */ = {
			isa = PBXShellScriptBuildPhase;
			buildActionMask = 2147483647;
			files = (
			);
			inputPaths = (
			);
			name = "[CP] Check Pods Manifest.lock";
			outputPaths = (
			);
			runOnlyForDeploymentPostprocessing = 0;
			shellPath = /bin/sh;
			shellScript = "diff \"${PODS_ROOT}/../Podfile.lock\" \"${PODS_ROOT}/Manifest.lock\" > /dev/null\nif [ $? != 0 ] ; then\n    # print error to STDERR\n    echo \"error: The sandbox is not in sync with the Podfile.lock. Run 'pod install' or update your CocoaPods installation.\" >&2\n    exit 1\nfi\n";
			showEnvVarsInLog = 0;
		};
		FF2CDB8EC7D68FA37BCCE70D /* [CP] Embed Pods Frameworks */ = {
			isa = PBXShellScriptBuildPhase;
			buildActionMask = 2147483647;
			files = (
			);
			inputPaths = (
			);
			name = "[CP] Embed Pods Frameworks";
			outputPaths = (
			);
			runOnlyForDeploymentPostprocessing = 0;
			shellPath = /bin/sh;
			shellScript = "\"${SRCROOT}/Pods/Target Support Files/Pods-Snail Fantasy/Pods-Snail Fantasy-frameworks.sh\"\n";
			showEnvVarsInLog = 0;
		};
/* End PBXShellScriptBuildPhase section */

/* Begin PBXSourcesBuildPhase section */
		A1AB90AD1E285AFA00CF4750 /* Sources */ = {
			isa = PBXSourcesBuildPhase;
			buildActionMask = 2147483647;
			files = (
				105204211E36DD6500E78F5F /* StatViewController.swift in Sources */,
				A1F0126D1E4508A90084FBEB /* AbilityModalViewController.swift in Sources */,
				102DD5AE1E343F3C00274F72 /* GraveyardViewController.swift in Sources */,
				102DD5B01E3455D600274F72 /* displayCell.swift in Sources */,
				A175AC871E32E967008E8971 /* potionCell.swift in Sources */,
				102DD5A71E33274D00274F72 /* HealthBar.swift in Sources */,
				A18CEB441E392BD2000FA989 /* GraveyardDetailViewController.swift in Sources */,
				A1769C981E3161A200B8FC3D /* Items.swift in Sources */,
				A1B0AE6C1E37FC1600F837A4 /* BattleLogCell.swift in Sources */,
				A1769C9A1E3164E000B8FC3D /* Monster.swift in Sources */,
				A18CEB4A1E397A5A000FA989 /* RandomNameGenerator.swift in Sources */,
				A1AB90BD1E285AFA00CF4750 /* SnailPG.xcdatamodeld in Sources */,
				A1E14BC11E2EFA7F005133E3 /* HeroMethods.swift in Sources */,
				A1AB90CE1E2860C000CF4750 /* HeroSelectViewController.swift in Sources */,
				A1FA96051E2D453000EA3870 /* ShopViewController.swift in Sources */,
				A12D9EFD1E42B7BC005E553A /* LeaderboardViewController.swift in Sources */,
				1052041F1E36CF4B00E78F5F /* CreateHeroViewController.swift in Sources */,
				A10EA1A11E366B41005F9459 /* continueCell.swift in Sources */,
				A18CEB481E3970B7000FA989 /* HeroInit.swift in Sources */,
				A10BA8C11E42931D007E3532 /* LogInViewController.swift in Sources */,
				A175AC851E32E95D008E8971 /* weaponCell.swift in Sources */,
				A175AC891E32E96E008E8971 /* armorCell.swift in Sources */,
				A160ACDB1E4398E00050B1B1 /* TitleViewController.swift in Sources */,
				A1C868B91E3A4EA700F78CA3 /* Achievements.swift in Sources */,
				A184867B1E31A36B00661783 /* BackpackViewController.swift in Sources */,
				A1AB90B51E285AFA00CF4750 /* AppDelegate.swift in Sources */,
				3F566FAF1E393B9E00811DA7 /* heroAbilities.swift in Sources */,
				A1AB90D01E28662500CF4750 /* MainViewController.swift in Sources */,
				A1AB90D21E287A4200CF4750 /* BattleViewController.swift in Sources */,
				A18CEB461E3968EE000FA989 /* AreaData.swift in Sources */,
				A18CEB4C1E39B45F000FA989 /* AchievementModalViewController.swift in Sources */,
				102DD5A91E34153E00274F72 /* MapViewController.swift in Sources */,
				A10EA19F1E365EB0005F9459 /* graveyardCell.swift in Sources */,
				A1F9D3411E4A71F70071C71C /* HeroCoreDataQueries.swift in Sources */,
			);
			runOnlyForDeploymentPostprocessing = 0;
		};
/* End PBXSourcesBuildPhase section */

/* Begin PBXVariantGroup section */
		A1AB90B81E285AFA00CF4750 /* Main.storyboard */ = {
			isa = PBXVariantGroup;
			children = (
				A1AB90B91E285AFA00CF4750 /* Base */,
			);
			name = Main.storyboard;
			sourceTree = "<group>";
		};
		A1AB90C01E285AFA00CF4750 /* LaunchScreen.storyboard */ = {
			isa = PBXVariantGroup;
			children = (
				A1AB90C11E285AFA00CF4750 /* Base */,
			);
			name = LaunchScreen.storyboard;
			sourceTree = "<group>";
		};
/* End PBXVariantGroup section */

/* Begin XCBuildConfiguration section */
		A1AB90C41E285AFA00CF4750 /* Debug */ = {
			isa = XCBuildConfiguration;
			buildSettings = {
				ALWAYS_SEARCH_USER_PATHS = NO;
				CLANG_ANALYZER_NONNULL = YES;
				CLANG_CXX_LANGUAGE_STANDARD = "gnu++0x";
				CLANG_CXX_LIBRARY = "libc++";
				CLANG_ENABLE_MODULES = YES;
				CLANG_ENABLE_OBJC_ARC = YES;
				CLANG_WARN_BOOL_CONVERSION = YES;
				CLANG_WARN_CONSTANT_CONVERSION = YES;
				CLANG_WARN_DIRECT_OBJC_ISA_USAGE = YES_ERROR;
				CLANG_WARN_DOCUMENTATION_COMMENTS = YES;
				CLANG_WARN_EMPTY_BODY = YES;
				CLANG_WARN_ENUM_CONVERSION = YES;
				CLANG_WARN_INFINITE_RECURSION = YES;
				CLANG_WARN_INT_CONVERSION = YES;
				CLANG_WARN_OBJC_ROOT_CLASS = YES_ERROR;
				CLANG_WARN_SUSPICIOUS_MOVE = YES;
				CLANG_WARN_UNREACHABLE_CODE = YES;
				CLANG_WARN__DUPLICATE_METHOD_MATCH = YES;
				"CODE_SIGN_IDENTITY[sdk=iphoneos*]" = "iPhone Developer";
				COPY_PHASE_STRIP = NO;
				DEBUG_INFORMATION_FORMAT = dwarf;
				ENABLE_STRICT_OBJC_MSGSEND = YES;
				ENABLE_TESTABILITY = YES;
				GCC_C_LANGUAGE_STANDARD = gnu99;
				GCC_DYNAMIC_NO_PIC = NO;
				GCC_NO_COMMON_BLOCKS = YES;
				GCC_OPTIMIZATION_LEVEL = 0;
				GCC_PREPROCESSOR_DEFINITIONS = (
					"DEBUG=1",
					"$(inherited)",
				);
				GCC_WARN_64_TO_32_BIT_CONVERSION = YES;
				GCC_WARN_ABOUT_RETURN_TYPE = YES_ERROR;
				GCC_WARN_UNDECLARED_SELECTOR = YES;
				GCC_WARN_UNINITIALIZED_AUTOS = YES_AGGRESSIVE;
				GCC_WARN_UNUSED_FUNCTION = YES;
				GCC_WARN_UNUSED_VARIABLE = YES;
				IPHONEOS_DEPLOYMENT_TARGET = 10.2;
				MTL_ENABLE_DEBUG_INFO = YES;
				ONLY_ACTIVE_ARCH = YES;
				SDKROOT = iphoneos;
				SWIFT_ACTIVE_COMPILATION_CONDITIONS = DEBUG;
				SWIFT_OPTIMIZATION_LEVEL = "-Onone";
				TARGETED_DEVICE_FAMILY = "1,2";
			};
			name = Debug;
		};
		A1AB90C51E285AFA00CF4750 /* Release */ = {
			isa = XCBuildConfiguration;
			buildSettings = {
				ALWAYS_SEARCH_USER_PATHS = NO;
				CLANG_ANALYZER_NONNULL = YES;
				CLANG_CXX_LANGUAGE_STANDARD = "gnu++0x";
				CLANG_CXX_LIBRARY = "libc++";
				CLANG_ENABLE_MODULES = YES;
				CLANG_ENABLE_OBJC_ARC = YES;
				CLANG_WARN_BOOL_CONVERSION = YES;
				CLANG_WARN_CONSTANT_CONVERSION = YES;
				CLANG_WARN_DIRECT_OBJC_ISA_USAGE = YES_ERROR;
				CLANG_WARN_DOCUMENTATION_COMMENTS = YES;
				CLANG_WARN_EMPTY_BODY = YES;
				CLANG_WARN_ENUM_CONVERSION = YES;
				CLANG_WARN_INFINITE_RECURSION = YES;
				CLANG_WARN_INT_CONVERSION = YES;
				CLANG_WARN_OBJC_ROOT_CLASS = YES_ERROR;
				CLANG_WARN_SUSPICIOUS_MOVE = YES;
				CLANG_WARN_UNREACHABLE_CODE = YES;
				CLANG_WARN__DUPLICATE_METHOD_MATCH = YES;
				"CODE_SIGN_IDENTITY[sdk=iphoneos*]" = "iPhone Developer";
				COPY_PHASE_STRIP = NO;
				DEBUG_INFORMATION_FORMAT = "dwarf-with-dsym";
				ENABLE_NS_ASSERTIONS = NO;
				ENABLE_STRICT_OBJC_MSGSEND = YES;
				GCC_C_LANGUAGE_STANDARD = gnu99;
				GCC_NO_COMMON_BLOCKS = YES;
				GCC_WARN_64_TO_32_BIT_CONVERSION = YES;
				GCC_WARN_ABOUT_RETURN_TYPE = YES_ERROR;
				GCC_WARN_UNDECLARED_SELECTOR = YES;
				GCC_WARN_UNINITIALIZED_AUTOS = YES_AGGRESSIVE;
				GCC_WARN_UNUSED_FUNCTION = YES;
				GCC_WARN_UNUSED_VARIABLE = YES;
				IPHONEOS_DEPLOYMENT_TARGET = 10.2;
				MTL_ENABLE_DEBUG_INFO = NO;
				SDKROOT = iphoneos;
				SWIFT_OPTIMIZATION_LEVEL = "-Owholemodule";
				TARGETED_DEVICE_FAMILY = "1,2";
				VALIDATE_PRODUCT = YES;
			};
			name = Release;
		};
		A1AB90C71E285AFA00CF4750 /* Debug */ = {
			isa = XCBuildConfiguration;
			baseConfigurationReference = 5506D2E8829748E952ADAD94 /* Pods-Snail Fantasy.debug.xcconfig */;
			buildSettings = {
				ASSETCATALOG_COMPILER_APPICON_NAME = AppIcon;
				DEVELOPMENT_TEAM = SW67XSUQ7J;
				INFOPLIST_FILE = SnailPG/Info.plist;
				LD_RUNPATH_SEARCH_PATHS = "$(inherited) @executable_path/Frameworks";
				PRODUCT_BUNDLE_IDENTIFIER = qwerji.SnailPG;
				PRODUCT_NAME = "$(TARGET_NAME)";
				SWIFT_VERSION = 3.0;
			};
			name = Debug;
		};
		A1AB90C81E285AFA00CF4750 /* Release */ = {
			isa = XCBuildConfiguration;
			baseConfigurationReference = BC89B38CF6DF699C70F024F6 /* Pods-Snail Fantasy.release.xcconfig */;
			buildSettings = {
				ASSETCATALOG_COMPILER_APPICON_NAME = AppIcon;
				DEVELOPMENT_TEAM = SW67XSUQ7J;
				INFOPLIST_FILE = SnailPG/Info.plist;
				LD_RUNPATH_SEARCH_PATHS = "$(inherited) @executable_path/Frameworks";
				PRODUCT_BUNDLE_IDENTIFIER = qwerji.SnailPG;
				PRODUCT_NAME = "$(TARGET_NAME)";
				SWIFT_VERSION = 3.0;
			};
			name = Release;
		};
/* End XCBuildConfiguration section */

/* Begin XCConfigurationList section */
		A1AB90AC1E285AFA00CF4750 /* Build configuration list for PBXProject "Snail Fantasy" */ = {
			isa = XCConfigurationList;
			buildConfigurations = (
				A1AB90C41E285AFA00CF4750 /* Debug */,
				A1AB90C51E285AFA00CF4750 /* Release */,
			);
			defaultConfigurationIsVisible = 0;
			defaultConfigurationName = Release;
		};
		A1AB90C61E285AFA00CF4750 /* Build configuration list for PBXNativeTarget "Snail Fantasy" */ = {
			isa = XCConfigurationList;
			buildConfigurations = (
				A1AB90C71E285AFA00CF4750 /* Debug */,
				A1AB90C81E285AFA00CF4750 /* Release */,
			);
			defaultConfigurationIsVisible = 0;
			defaultConfigurationName = Release;
		};
/* End XCConfigurationList section */

/* Begin XCVersionGroup section */
		A1AB90BB1E285AFA00CF4750 /* SnailPG.xcdatamodeld */ = {
			isa = XCVersionGroup;
			children = (
				A1AB90BC1E285AFA00CF4750 /* SnailPG.xcdatamodel */,
			);
			currentVersion = A1AB90BC1E285AFA00CF4750 /* SnailPG.xcdatamodel */;
			path = SnailPG.xcdatamodeld;
			sourceTree = "<group>";
			versionGroupType = wrapper.xcdatamodel;
		};
/* End XCVersionGroup section */
	};
	rootObject = A1AB90A91E285AFA00CF4750 /* Project object */;
}
